# This file is automatically @generated by Poetry 2.5.1 and should not be changed by hand.

[[package]]
name = "prettytable"
version = "3.18.0"
description = "A simple Python library for easily displaying tabular data in a visually appealing ASCII table format"
optional = false
python-versions = ">=3.10"
groups = ["main"]
files = [
    {file = "prettytable-3.18.0-py3-none-any.whl", hash = "sha256:b3346e0e6f79180833aebaac088ae926340586cf6d7d991b9eb125b65f72313a"},
    {file = "prettytable-3.18.0.tar.gz", hash = "sha256:439217116152244369caf3d9f1caf2f9fe29b03bd79e88d2928c8e718c95d680"},
]

[package.dependencies]
wcwidth = ">=0.3.5"

[package.extras]
tests = ["pytest (>=9)", "pytest-cov", "pytest-lazy-fixtures"]

[[package]]
name = "prompt"
version = "0.4.1"
description = "Library for prompting input on the command line."
optional = false
python-versions = ">=3.3"
groups = ["main"]
files = [
    {file = "prompt-0.4.1-py3-none-any.whl", hash = "sha256:98527de8dc3f0aa29669a39fbffeaf578ba6654dc836f737b6a5c6f9279002b7"},
    {file = "prompt-0.4.1.tar.gz", hash = "sha256:8a7694b88f8c65188a983315e72582bf42fcc251b97042be1d2a2ad1aa0ebe0e"},
]

[[package]]
name = "ruff"
version = "0.16.8"
description = "An extremely fast Python linter and code formatter, written in Rust."
optional = false
python-versions = ">=3.7"
groups = ["dev"]
files = [
    {file = "ruff-0.16.8-py3-none-linux_armv6l.whl", hash = "sha256:6ffbd6d87383c1edf5f6fa890f10200950240d7c1a16052a19a09d3a2307dd38"},
    {file = "ruff-0.16.8-py3-none-macosx_10_12_x86_64.whl", hash = "sha256:42ed6b878ed61e3acca92f2730a17acff39286944ea82398544696366a6f925e"},
    {file = "ruff-0.16.8-py3-none-macosx_11_0_arm64.whl", hash = "sha256:7ea781c7f2afba8c6a505ea0fb3f994020249e0c450635f5381286fea6b46170"},
    {file = "ruff-0.16.8-py3-none-manylinux_2_17_aarch64.manylinux2014_aarch64.whl", hash = "sha256:8efeae3bbe414a5efefda11a792dfb51ef90ac48d50c4830de2f644caf3e8659"},
    {file = "ruff-0.16.8-py3-none-manylinux_2_17_armv7l.manylinux2014_armv7l.whl", hash = "sha256:3a79b795469fef7fc6e908b218eed2eb17332afd85031db6480dc864560e69b2"},
    {file = "ruff-0.16.8-py3-none-manylinux_2_17_i686.manylinux2014_i686.whl", hash = "sha256:3fdc5563cdc50555e6fba39322850860e9267c1b3d12c26a74729d8604c3c812"},
    {file = "ruff-0.16.8-py3-none-manylinux_2_17_ppc64le.manylinux2014_ppc64le.whl", hash = "sha256:34508983c70665578dab88f5223d8e6228307e1135398ca8bfc8b7e9501e282b"},
    {file = "ruff-0.16.8-py3-none-manylinux_2_17_s390x.manylinux2014_s390x.whl", hash = "sha256:644bb578569e0ffc575741232bd385dacdd6fbe123f1a729e7a225f54aa3957f"},
    {file = "ruff-0.16.8-py3-none-manylinux_2_17_x86_64.manylinux2014_x86_64.whl", hash = "sha256:15e7d226246961db9235098333caa13063906d3851136b84c2900b82f5daa1df"},
    {file = "ruff-0.16.8-py3-none-manylinux_2_31_riscv64.whl", hash = "sha256:a2bf6bc3e9ebdd4449abc6f06cf64b98051a2c61cf94d2fe9596518c881f1a1e"},
    {file = "ruff-0.16.8-py3-none-musllinux_1_2_aarch64.whl", hash = "sha256:6ca111ba0849539165e9e59d2b442542f3c1e8060ebbdea82494f1ffbccb1e1f"},
    {file = "ruff-0.16.8-py3-none-musllinux_1_2_armv7l.whl", hash = "sha256:359a1e5b495448ee1e91018064382ebc86f90e8aac2fed222c7d0e4e8df85fd2"},
    {file = "ruff-0.16.8-py3-none-musllinux_1_2_i686.whl", hash = "sha256:59e8f5681349474110b24d62e93cfda6593f5fa3473446ca3705200cac1a08b9"},
    {file = "ruff-0.16.8-py3-none-musllinux_1_2_x86_64.whl", hash = "sha256:efa3e7a16d1baaa79957888dfdf8be9ef2e44db81cb032af06d76632ab59e773"},
    {file = "ruff-0.16.8-py3-none-win32.whl", hash = "sha256:55793ba85c69921e89be061426d91a78652d6e50317c962240922747a4eb713f"},
    {file = "ruff-0.16.8-py3-none-win_amd64.whl", hash = "sha256:a6b85621fd3c81e31fc5f5add09c9c078b430db3595ca632efafdec9e64ebfaa"},
    {file = "ruff-0.16.8-py3-none-win_arm64.whl", hash = "sha256:d075e820af612102ce217f07cc93e69f9490b10ec13ea85fa87bd03d996cef8a"},
    {file = "ruff-0.16.8.tar.gz", hash = "sha256:9247bf92b5f04d825c8639a4fe423ec2e4222acd9222e58412b0dab7e442798b"},
]

[[package]]
name = "wcwidth"
version = "0.9.0"
description = "Measures the displayed width of unicode strings in a terminal"
optional = false
python-versions = ">=3.9"
groups = ["main"]
files = [
    {file = "wcwidth-0.9.0-cp310-abi3-macosx_10_9_x86_64.whl", hash = "sha256:d5fd98bd30785ecdb6a9a37d632c2f557e37dec7b7b3b76397842e03e891d3fb"},
    {file = "wcwidth-0.9.0-cp310-abi3-macosx_11_0_arm64.whl", hash = "sha256:1bd6e3ea20382288c4d1eac079d775742a788f16bdecd92d957ecdb941b40870"},
    {file = "wcwidth-0.9.0-cp310-abi3-manylinux1_i686.manylinux2014_i686.manylinux_2_17_i686.manylinux_2_5_i686.whl", hash = "sha256:5a20a031f744881e4f895e0ea9494e41c0d4a7320e6405fa7dce5e062d1f0545"},
    {file = "wcwidth-0.9.0-cp310-abi3-manylinux2014_aarch64.manylinux_2_17_aarch64.whl", hash = "sha256:532eba871fb5c93ae492e5bd5ed3cab0d4805fd3a3e9d60a7aa92892f814a958"},
    {file = "wcwidth-0.9.0-cp310-abi3-manylinux2014_x86_64.manylinux_2_17_x86_64.whl", hash = "sha256:d095384f4d99261c8de74f025a2b7b13fde0188cbb3f83807e9015825e914f42"},
    {file = "wcwidth-0.9.0-cp310-abi3-musllinux_1_2_aarch64.whl", hash = "sha256:e2e3425dcb46b0f29f65ed0236e8c64d9ba53473a9b895d9435d64a9a2b70af1"},
    {file = "wcwidth-0.9.0-cp310-abi3-musllinux_1_2_i686.whl", hash = "sha256:326cbf3503ec676d4c4d413cf8cc96d8b2591c23dc860c273ef1f8740e36befc"},
    {file = "wcwidth-0.9.0-cp310-abi3-musllinux_1_2_x86_64.whl", hash = "sha256:03e2980286d59b61c247b6810333d596cbf21751d0f8e475c88664c6ae4ada04"},
    {file = "wcwidth-0.9.0-cp310-abi3-win32.whl", hash = "sha256:94b752e19a47f8ad79bda46665c7d6bcef4ef23f7da8b4544f39d9f9256f8634"},
    {file = "wcwidth-0.9.0-cp310-abi3-win_amd64.whl", hash = "sha256:e0f8ffa0c912e2a103777f6978433a9991fe1346f6731b7a2e5e4128b4a44463"},
    {file = "wcwidth-0.9.0-cp310-abi3-win_arm64.whl", hash = "sha256:489a121550bcedeec6c9e5a414768ad5719cae957bbd882833841026e3209672"},
    {file = "wcwidth-0.9.0-cp314-cp314t-macosx_10_15_x86_64.whl", hash = "sha256:c9ad6463bd15ee57c4178849fdaa29acb828052e3971d1e86028cc5dc1d58c72"},
    {file = "wcwidth-0.9.0-cp314-cp314t-macosx_11_0_arm64.whl", hash = "sha256:4a7f533babe32007c2781e438973213a45bd07370f6cb272ee18f56135dc5703"},
    {file = "wcwidth-0.9.0-cp314-cp314t-manylinux1_i686.manylinux2014_i686.manylinux_2_17_i686.manylinux_2_5_i686.whl", hash = "sha256:4bb4a6ada96121e8e1898a64d991be39518c18c832f8c9bd941a63623ad58a20"},
    {file = "wcwidth-0.9.0-cp314-cp314t-manylinux2014_aarch64.manylinux_2_17_aarch64.whl", hash = "sha256:ae8503058d68483b37e533f54f964510bbf73daa30637fbf60bb224084254f7c"},
    {file = "wcwidth-0.9.0-cp314-cp314t-manylinux2014_x86_64.manylinux_2_17_x86_64.whl", hash = "sha256:3aefeb02106a0ea2ed2ed8541ac243260849a07e97fbc083b4df4f568307c257"},
    {file = "wcwidth-0.9.0-cp314-cp314t-win32.whl", hash = "sha256:bb4ef3d5a9a92931cf4eb6d7a4b17736576591748f43dfe2f53bc63ff2163192"},
    {file = "wcwidth-0.9.0-cp314-cp314t-win_amd64.whl", hash = "sha256:26c2daaa6bf53bdf135a96fd9a01a3a60d3c18628d86637aa8e1f6c3392874a5"},
    {file = "wcwidth-0.9.0-cp314-cp314t-win_arm64.whl", hash = "sha256:79ea0885ab30f862bda202f5cd4e0e01dfe86b6d18e7cb2619d1fcb2b52c2d3c"},
    {file = "wcwidth-0.9.0-py3-none-any.whl", hash = "sha256:8ccbb76076a4e6db0b4bf3a9a19181ed2f777340966638a49267989f93acc242"},
    {file = "wcwidth-0.9.0.tar.gz", hash = "sha256:1e9eb9dec86e14e4aa4b877bcf6763f245803c9b08d10f2d72ffae1aa06bbf16"},
]

[metadata]
lock-version = "2.1"
python-versions = ">=3.12"
content-hash = "d6f54430efc2129d93743190a95168e8f4698a1d36518a48fcf4e8ab21d3da1a"
